
Microsoft Visual Studio Solution File, Format Version 12.00
# Visual Studio 15
Project("{FAE04EC0-301F-11D3-BF4B-00C04F79EFBC}") = "Assembly-CSharp", "Assembly-CSharp.csproj", "{082EB823-A246-178F-5C5D-955248644B78}"
EndProject
Project("{FAE04EC0-301F-11D3-BF4B-00C04F79EFBC}") = "Assembly-CSharp-Editor", "Assembly-CSharp-Editor.csproj", "{33779084-6BDD-1EF6-A09F-55202FC5829E}"
EndProject
Global
	GlobalSection(SolutionConfigurationPlatforms) = preSolution
		Debug|Any CPU = Debug|Any CPU
		Release|Any CPU = Release|Any CPU
	EndGlobalSection
	GlobalSection(ProjectConfigurationPlatforms) = postSolution
		{082EB823-A246-178F-5C5D-955248644B78}.Debug|Any CPU.ActiveCfg = Debug|Any CPU
		{082EB823-A246-178F-5C5D-955248644B78}.Debug|Any CPU.Build.0 = Debug|Any CPU
		{082EB823-A246-178F-5C5D-955248644B78}.Release|Any CPU.ActiveCfg = Release|Any CPU
		{082EB823-A246-178F-5C5D-955248644B78}.Release|Any CPU.Build.0 = Release|Any CPU
		{33779084-6BDD-1EF6-A09F-55202FC5829E}.Debug|Any CPU.ActiveCfg = Debug|Any CPU
		{33779084-6BDD-1EF6-A09F-55202FC5829E}.Debug|Any CPU.Build.0 = Debug|Any CPU
		{33779084-6BDD-1EF6-A09F-55202FC5829E}.Release|Any CPU.ActiveCfg = Release|Any CPU
		{33779084-6BDD-1EF6-A09F-55202FC5829E}.Release|Any CPU.Build.0 = Release|Any CPU
	EndGlobalSection
	GlobalSection(SolutionProperties) = preSolution
		HideSolutionNode = FALSE
	EndGlobalSection
EndGlobal
